
Microsoft Visual Studio Solution File, Format Version 12.00
# Visual Studio Version 17
VisualStudioVersion = 17.9.34728.123
MinimumVisualStudioVersion = 10.0.40219.1
Project("{9A19103F-16F7-4668-BE54-9A1E7A4F7556}") = "Presentation", "Survey Configurator\Presentation.csproj", "{A2DAD1B1-6837-406B-B5AE-01035D2339BB}"
EndProject
Project("{9A19103F-16F7-4668-BE54-9A1E7A4F7556}") = "Logic", "Logic\Logic.csproj", "{C2FD8EE7-BBED-43DE-8427-6F2C6EF66E6C}"
EndProject
Project("{9A19103F-16F7-4668-BE54-9A1E7A4F7556}") = "DatabaseLayer", "Database\DatabaseLayer.csproj", "{74014156-5EE8-4BD9-9263-42E87FABF437}"
EndProject
Global
	GlobalSection(SolutionConfigurationPlatforms) = preSolution
		Debug|Any CPU = Debug|Any CPU
		Release|Any CPU = Release|Any CPU
	EndGlobalSection
	GlobalSection(ProjectConfigurationPlatforms) = postSolution
		{A2DAD1B1-6837-406B-B5AE-01035D2339BB}.Debug|Any CPU.ActiveCfg = Debug|Any CPU
		{A2DAD1B1-6837-406B-B5AE-01035D2339BB}.Debug|Any CPU.Build.0 = Debug|Any CPU
		{A2DAD1B1-6837-406B-B5AE-01035D2339BB}.Release|Any CPU.ActiveCfg = Release|Any CPU
		{A2DAD1B1-6837-406B-B5AE-01035D2339BB}.Release|Any CPU.Build.0 = Release|Any CPU
		{C2FD8EE7-BBED-43DE-8427-6F2C6EF66E6C}.Debug|Any CPU.ActiveCfg = Debug|Any CPU
		{C2FD8EE7-BBED-43DE-8427-6F2C6EF66E6C}.Debug|Any CPU.Build.0 = Debug|Any CPU
		{C2FD8EE7-BBED-43DE-8427-6F2C6EF66E6C}.Release|Any CPU.ActiveCfg = Release|Any CPU
		{C2FD8EE7-BBED-43DE-8427-6F2C6EF66E6C}.Release|Any CPU.Build.0 = Release|Any CPU
		{74014156-5EE8-4BD9-9263-42E87FABF437}.Debug|Any CPU.ActiveCfg = Debug|Any CPU
		{74014156-5EE8-4BD9-9263-42E87FABF437}.Debug|Any CPU.Build.0 = Debug|Any CPU
		{74014156-5EE8-4BD9-9263-42E87FABF437}.Release|Any CPU.ActiveCfg = Release|Any CPU
		{74014156-5EE8-4BD9-9263-42E87FABF437}.Release|Any CPU.Build.0 = Release|Any CPU
	EndGlobalSection
	GlobalSection(SolutionProperties) = preSolution
		HideSolutionNode = FALSE
	EndGlobalSection
	GlobalSection(ExtensibilityGlobals) = postSolution
		SolutionGuid = {95DB4EC3-2D93-49F7-84F3-E906C0C4FE9F}
	EndGlobalSection
EndGlobal
